
Microsoft Visual Studio Solution File, Format Version 12.00
# Visual Studio Version 17
VisualStudioVersion = 17.14.36511.14
MinimumVisualStudioVersion = 10.0.40219.1
Project("{FAE04EC0-301F-11D3-BF4B-00C04F79EFBC}") = "ProyectoBlockChain.Web", "ProyectpBlockChain\ProyectoBlockChain.Web.csproj", "{52D9C2BE-FAA1-4DF1-AE69-82C2BB9ED78B}"
EndProject
Project("{FAE04EC0-301F-11D3-BF4B-00C04F79EFBC}") = "ProyectoBlockChain.Data", "ProyectoBlockChain.Data\ProyectoBlockChain.Data.csproj", "{A0B913AE-124F-40EC-B82F-13CC1E8A7E2E}"
EndProject
Project("{FAE04EC0-301F-11D3-BF4B-00C04F79EFBC}") = "ProyectoBlockChain.Logica", "ProyectoBlockChain.Logica\ProyectoBlockChain.Logica.csproj", "{789C8159-05AC-4A79-821B-6EDC8498175D}"
EndProject
Global
	GlobalSection(SolutionConfigurationPlatforms) = preSolution
		Debug|Any CPU = Debug|Any CPU
		Release|Any CPU = Release|Any CPU
	EndGlobalSection
	GlobalSection(ProjectConfigurationPlatforms) = postSolution
		{52D9C2BE-FAA1-4DF1-AE69-82C2BB9ED78B}.Debug|Any CPU.ActiveCfg = Debug|Any CPU
		{52D9C2BE-FAA1-4DF1-AE69-82C2BB9ED78B}.Debug|Any CPU.Build.0 = Debug|Any CPU
		{52D9C2BE-FAA1-4DF1-AE69-82C2BB9ED78B}.Release|Any CPU.ActiveCfg = Release|Any CPU
		{52D9C2BE-FAA1-4DF1-AE69-82C2BB9ED78B}.Release|Any CPU.Build.0 = Release|Any CPU
		{A0B913AE-124F-40EC-B82F-13CC1E8A7E2E}.Debug|Any CPU.ActiveCfg = Debug|Any CPU
		{A0B913AE-124F-40EC-B82F-13CC1E8A7E2E}.Debug|Any CPU.Build.0 = Debug|Any CPU
		{A0B913AE-124F-40EC-B82F-13CC1E8A7E2E}.Release|Any CPU.ActiveCfg = Release|Any CPU
		{A0B913AE-124F-40EC-B82F-13CC1E8A7E2E}.Release|Any CPU.Build.0 = Release|Any CPU
		{789C8159-05AC-4A79-821B-6EDC8498175D}.Debug|Any CPU.ActiveCfg = Debug|Any CPU
		{789C8159-05AC-4A79-821B-6EDC8498175D}.Debug|Any CPU.Build.0 = Debug|Any CPU
		{789C8159-05AC-4A79-821B-6EDC8498175D}.Release|Any CPU.ActiveCfg = Release|Any CPU
		{789C8159-05AC-4A79-821B-6EDC8498175D}.Release|Any CPU.Build.0 = Release|Any CPU
	EndGlobalSection
	GlobalSection(SolutionProperties) = preSolution
		HideSolutionNode = FALSE
	EndGlobalSection
	GlobalSection(ExtensibilityGlobals) = postSolution
		SolutionGuid = {F4968131-53A6-41CD-AB4A-4B06839D5DA6}
	EndGlobalSection
EndGlobal
